
Microsoft Visual Studio Solution File, Format Version 12.00
# Visual Studio Version 17
VisualStudioVersion = 17.0.31903.59
MinimumVisualStudioVersion = 10.0.40219.1
Project("{FAE04EC0-301F-11D3-BF4B-00C04F79EFBC}") = "SmartMemoryManager.Domain", "SmartMemoryManager.Domain\SmartMemoryManager.Domain.csproj", "{E93154E6-D2DD-4623-80F7-F295D24317A3}"
EndProject
Project("{FAE04EC0-301F-11D3-BF4B-00C04F79EFBC}") = "SmartMemoryManager.Application", "SmartMemoryManager.Application\SmartMemoryManager.Application.csproj", "{B71B0AC9-B3B3-4964-AE45-074E04240711}"
EndProject
Project("{FAE04EC0-301F-11D3-BF4B-00C04F79EFBC}") = "SmartMemoryManager.Infrastructure", "SmartMemoryManager.Infrastructure\SmartMemoryManager.Infrastructure.csproj", "{57A577F6-2719-430F-B13E-67728BC20D1B}"
EndProject
Project("{FAE04EC0-301F-11D3-BF4B-00C04F79EFBC}") = "SmartMemoryManager.UI", "SmartMemoryManager.UI\SmartMemoryManager.UI.csproj", "{EF04DA8D-B17A-417E-B150-372AF64B2BCA}"
EndProject
Project("{FAE04EC0-301F-11D3-BF4B-00C04F79EFBC}") = "SmartMemoryManager.Tests", "SmartMemoryManager.Tests\SmartMemoryManager.Tests.csproj", "{912EBE51-2BC8-432B-AF07-59531EA6CCE7}"
EndProject
Global
	GlobalSection(SolutionConfigurationPlatforms) = preSolution
		Debug|Any CPU = Debug|Any CPU
		Debug|x64 = Debug|x64
		Debug|x86 = Debug|x86
		Release|Any CPU = Release|Any CPU
		Release|x64 = Release|x64
		Release|x86 = Release|x86
	EndGlobalSection
	GlobalSection(ProjectConfigurationPlatforms) = postSolution
		{E93154E6-D2DD-4623-80F7-F295D24317A3}.Debug|Any CPU.ActiveCfg = Debug|Any CPU
		{E93154E6-D2DD-4623-80F7-F295D24317A3}.Debug|Any CPU.Build.0 = Debug|Any CPU
		{E93154E6-D2DD-4623-80F7-F295D24317A3}.Debug|x64.ActiveCfg = Debug|Any CPU
		{E93154E6-D2DD-4623-80F7-F295D24317A3}.Debug|x64.Build.0 = Debug|Any CPU
		{E93154E6-D2DD-4623-80F7-F295D24317A3}.Debug|x86.ActiveCfg = Debug|Any CPU
		{E93154E6-D2DD-4623-80F7-F295D24317A3}.Debug|x86.Build.0 = Debug|Any CPU
		{E93154E6-D2DD-4623-80F7-F295D24317A3}.Release|Any CPU.ActiveCfg = Release|Any CPU
		{E93154E6-D2DD-4623-80F7-F295D24317A3}.Release|Any CPU.Build.0 = Release|Any CPU
		{E93154E6-D2DD-4623-80F7-F295D24317A3}.Release|x64.ActiveCfg = Release|Any CPU
		{E93154E6-D2DD-4623-80F7-F295D24317A3}.Release|x64.Build.0 = Release|Any CPU
		{E93154E6-D2DD-4623-80F7-F295D24317A3}.Release|x86.ActiveCfg = Release|Any CPU
		{E93154E6-D2DD-4623-80F7-F295D24317A3}.Release|x86.Build.0 = Release|Any CPU
		{B71B0AC9-B3B3-4964-AE45-074E04240711}.Debug|Any CPU.ActiveCfg = Debug|Any CPU
		{B71B0AC9-B3B3-4964-AE45-074E04240711}.Debug|Any CPU.Build.0 = Debug|Any CPU
		{B71B0AC9-B3B3-4964-AE45-074E04240711}.Debug|x64.ActiveCfg = Debug|Any CPU
		{B71B0AC9-B3B3-4964-AE45-074E04240711}.Debug|x64.Build.0 = Debug|Any CPU
		{B71B0AC9-B3B3-4964-AE45-074E04240711}.Debug|x86.ActiveCfg = Debug|Any CPU
		{B71B0AC9-B3B3-4964-AE45-074E04240711}.Debug|x86.Build.0 = Debug|Any CPU
		{B71B0AC9-B3B3-4964-AE45-074E04240711}.Release|Any CPU.ActiveCfg = Release|Any CPU
		{B71B0AC9-B3B3-4964-AE45-074E04240711}.Release|Any CPU.Build.0 = Release|Any CPU
		{B71B0AC9-B3B3-4964-AE45-074E04240711}.Release|x64.ActiveCfg = Release|Any CPU
		{B71B0AC9-B3B3-4964-AE45-074E04240711}.Release|x64.Build.0 = Release|Any CPU
		{B71B0AC9-B3B3-4964-AE45-074E04240711}.Release|x86.ActiveCfg = Release|Any CPU
		{B71B0AC9-B3B3-4964-AE45-074E04240711}.Release|x86.Build.0 = Release|Any CPU
		{57A577F6-2719-430F-B13E-67728BC20D1B}.Debug|Any CPU.ActiveCfg = Debug|Any CPU
		{57A577F6-2719-430F-B13E-67728BC20D1B}.Debug|Any CPU.Build.0 = Debug|Any CPU
		{57A577F6-2719-430F-B13E-67728BC20D1B}.Debug|x64.ActiveCfg = Debug|Any CPU
		{57A577F6-2719-430F-B13E-67728BC20D1B}.Debug|x64.Build.0 = Debug|Any CPU
		{57A577F6-2719-430F-B13E-67728BC20D1B}.Debug|x86.ActiveCfg = Debug|Any CPU
		{57A577F6-2719-430F-B13E-67728BC20D1B}.Debug|x86.Build.0 = Debug|Any CPU
		{57A577F6-2719-430F-B13E-67728BC20D1B}.Release|Any CPU.ActiveCfg = Release|Any CPU
		{57A577F6-2719-430F-B13E-67728BC20D1B}.Release|Any CPU.Build.0 = Release|Any CPU
		{57A577F6-2719-430F-B13E-67728BC20D1B}.Release|x64.ActiveCfg = Release|Any CPU
		{57A577F6-2719-430F-B13E-67728BC20D1B}.Release|x64.Build.0 = Release|Any CPU
		{57A577F6-2719-430F-B13E-67728BC20D1B}.Release|x86.ActiveCfg = Release|Any CPU
		{57A577F6-2719-430F-B13E-67728BC20D1B}.Release|x86.Build.0 = Release|Any CPU
		{EF04DA8D-B17A-417E-B150-372AF64B2BCA}.Debug|Any CPU.ActiveCfg = Debug|Any CPU
		{EF04DA8D-B17A-417E-B150-372AF64B2BCA}.Debug|Any CPU.Build.0 = Debug|Any CPU
		{EF04DA8D-B17A-417E-B150-372AF64B2BCA}.Debug|x64.ActiveCfg = Debug|Any CPU
		{EF04DA8D-B17A-417E-B150-372AF64B2BCA}.Debug|x64.Build.0 = Debug|Any CPU
		{EF04DA8D-B17A-417E-B150-372AF64B2BCA}.Debug|x86.ActiveCfg = Debug|Any CPU
		{EF04DA8D-B17A-417E-B150-372AF64B2BCA}.Debug|x86.Build.0 = Debug|Any CPU
		{EF04DA8D-B17A-417E-B150-372AF64B2BCA}.Release|Any CPU.ActiveCfg = Release|Any CPU
		{EF04DA8D-B17A-417E-B150-372AF64B2BCA}.Release|Any CPU.Build.0 = Release|Any CPU
		{EF04DA8D-B17A-417E-B150-372AF64B2BCA}.Release|x64.ActiveCfg = Release|Any CPU
		{EF04DA8D-B17A-417E-B150-372AF64B2BCA}.Release|x64.Build.0 = Release|Any CPU
		{EF04DA8D-B17A-417E-B150-372AF64B2BCA}.Release|x86.ActiveCfg = Release|Any CPU
		{EF04DA8D-B17A-417E-B150-372AF64B2BCA}.Release|x86.Build.0 = Release|Any CPU
		{912EBE51-2BC8-432B-AF07-59531EA6CCE7}.Debug|Any CPU.ActiveCfg = Debug|Any CPU
		{912EBE51-2BC8-432B-AF07-59531EA6CCE7}.Debug|Any CPU.Build.0 = Debug|Any CPU
		{912EBE51-2BC8-432B-AF07-59531EA6CCE7}.Debug|x64.ActiveCfg = Debug|Any CPU
		{912EBE51-2BC8-432B-AF07-59531EA6CCE7}.Debug|x64.Build.0 = Debug|Any CPU
		{912EBE51-2BC8-432B-AF07-59531EA6CCE7}.Debug|x86.ActiveCfg = Debug|Any CPU
		{912EBE51-2BC8-432B-AF07-59531EA6CCE7}.Debug|x86.Build.0 = Debug|Any CPU
		{912EBE51-2BC8-432B-AF07-59531EA6CCE7}.Release|Any CPU.ActiveCfg = Release|Any CPU
		{912EBE51-2BC8-432B-AF07-59531EA6CCE7}.Release|Any CPU.Build.0 = Release|Any CPU
		{912EBE51-2BC8-432B-AF07-59531EA6CCE7}.Release|x64.ActiveCfg = Release|Any CPU
		{912EBE51-2BC8-432B-AF07-59531EA6CCE7}.Release|x64.Build.0 = Release|Any CPU
		{912EBE51-2BC8-432B-AF07-59531EA6CCE7}.Release|x86.ActiveCfg = Release|Any CPU
		{912EBE51-2BC8-432B-AF07-59531EA6CCE7}.Release|x86.Build.0 = Release|Any CPU
	EndGlobalSection
	GlobalSection(SolutionProperties) = preSolution
		HideSolutionNode = FALSE
	EndGlobalSection
EndGlobal
